
Microsoft Visual Studio Solution File, Format Version 12.00
# Visual Studio Version 16
VisualStudioVersion = 16.0.31729.503
MinimumVisualStudioVersion = 10.0.40219.1
Project("{8BC9CEB8-8B4A-11D0-8D11-00A0C91BC942}") = "01_SimpleVectorAdd", "01_SimpleVectorAdd\01_SimpleVectorAdd.vcxproj", "{E84C340C-777C-44D3-B779-A9D14E0B0F31}"
EndProject
Global
	GlobalSection(SolutionConfigurationPlatforms) = preSolution
		Debug|x64 = Debug|x64
		Release|x64 = Release|x64
	EndGlobalSection
	GlobalSection(ProjectConfigurationPlatforms) = postSolution
		{E84C340C-777C-44D3-B779-A9D14E0B0F31}.Debug|x64.ActiveCfg = Debug|x64
		{E84C340C-777C-44D3-B779-A9D14E0B0F31}.Debug|x64.Build.0 = Debug|x64
		{E84C340C-777C-44D3-B779-A9D14E0B0F31}.Release|x64.ActiveCfg = Release|x64
		{E84C340C-777C-44D3-B779-A9D14E0B0F31}.Release|x64.Build.0 = Release|x64
	EndGlobalSection
	GlobalSection(SolutionProperties) = preSolution
		HideSolutionNode = FALSE
	EndGlobalSection
	GlobalSection(ExtensibilityGlobals) = postSolution
		SolutionGuid = {58F4AFF2-223E-4D5A-91C2-BE77F9B46BE2}
	EndGlobalSection
EndGlobal
